// !$*UTF8*$!
{
	archiveVersion = 1;
	classes = {
	};
	objectVersion = 55;
	objects = {

/* Begin PBXBuildFile section */
		615755A2272C4D6E00AD5AF2 /* AppDelegate.swift in Sources */ = {isa = PBXBuildFile; fileRef = 615755A1272C4D6E00AD5AF2 /* AppDelegate.swift */; };
		615755A4272C4D6E00AD5AF2 /* SceneDelegate.swift in Sources */ = {isa = PBXBuildFile; fileRef = 615755A3272C4D6E00AD5AF2 /* SceneDelegate.swift */; };
		615755A9272C4D6E00AD5AF2 /* Main.storyboard in Resources */ = {isa = PBXBuildFile; fileRef = 615755A7272C4D6E00AD5AF2 /* Main.storyboard */; };
		615755AB272C4D7000AD5AF2 /* Assets.xcassets in Resources */ = {isa = PBXBuildFile; fileRef = 615755AA272C4D7000AD5AF2 /* Assets.xcassets */; };
		615755AE272C4D7000AD5AF2 /* LaunchScreen.storyboard in Resources */ = {isa = PBXBuildFile; fileRef = 615755AC272C4D7000AD5AF2 /* LaunchScreen.storyboard */; };
		615755B6272C4D9E00AD5AF2 /* LoginFormController.swift in Sources */ = {isa = PBXBuildFile; fileRef = 615755B5272C4D9E00AD5AF2 /* LoginFormController.swift */; };
		616D229D27388D2400418C95 /* AllCitiesController.swift in Sources */ = {isa = PBXBuildFile; fileRef = 616D229C27388D2400418C95 /* AllCitiesController.swift */; };
		616D229F27388D4700418C95 /* AllCitiesCell.swift in Sources */ = {isa = PBXBuildFile; fileRef = 616D229E27388D4700418C95 /* AllCitiesCell.swift */; };
		616D22A62739473400418C95 /* MyCitiesController.swift in Sources */ = {isa = PBXBuildFile; fileRef = 616D22A52739473400418C95 /* MyCitiesController.swift */; };
		616D22A82739474800418C95 /* MyCitiesCell.swift in Sources */ = {isa = PBXBuildFile; fileRef = 616D22A72739474800418C95 /* MyCitiesCell.swift */; };
		616D22AB2739538400418C95 /* WeatherViewController.swift in Sources */ = {isa = PBXBuildFile; fileRef = 616D22AA2739538400418C95 /* WeatherViewController.swift */; };
		616D22AD273953A900418C95 /* WeatherViewCell.swift in Sources */ = {isa = PBXBuildFile; fileRef = 616D22AC273953A900418C95 /* WeatherViewCell.swift */; };
/* End PBXBuildFile section */

/* Begin PBXFileReference section */
		6157559E272C4D6E00AD5AF2 /* UI_Lesson1.app */ = {isa = PBXFileReference; explicitFileType = wrapper.application; includeInIndex = 0; path = UI_Lesson1.app; sourceTree = BUILT_PRODUCTS_DIR; };
		615755A1272C4D6E00AD5AF2 /* AppDelegate.swift */ = {isa = PBXFileReference; lastKnownFileType = sourcecode.swift; path = AppDelegate.swift; sourceTree = "<group>"; };
		615755A3272C4D6E00AD5AF2 /* SceneDelegate.swift */ = {isa = PBXFileReference; lastKnownFileType = sourcecode.swift; path = SceneDelegate.swift; sourceTree = "<group>"; };
		615755A8272C4D6E00AD5AF2 /* Base */ = {isa = PBXFileReference; lastKnownFileType = file.storyboard; name = Base; path = Base.lproj/Main.storyboard; sourceTree = "<group>"; };
		615755AA272C4D7000AD5AF2 /* Assets.xcassets */ = {isa = PBXFileReference; lastKnownFileType = folder.assetcatalog; path = Assets.xcassets; sourceTree = "<group>"; };
		615755AD272C4D7000AD5AF2 /* Base */ = {isa = PBXFileReference; lastKnownFileType = file.storyboard; name = Base; path = Base.lproj/LaunchScreen.storyboard; sourceTree = "<group>"; };
		615755AF272C4D7000AD5AF2 /* Info.plist */ = {isa = PBXFileReference; lastKnownFileType = text.plist.xml; path = Info.plist; sourceTree = "<group>"; };
		615755B5272C4D9E00AD5AF2 /* LoginFormController.swift */ = {isa = PBXFileReference; lastKnownFileType = sourcecode.swift; path = LoginFormController.swift; sourceTree = "<group>"; };
		616D229C27388D2400418C95 /* AllCitiesController.swift */ = {isa = PBXFileReference; lastKnownFileType = sourcecode.swift; path = AllCitiesController.swift; sourceTree = "<group>"; };
		616D229E27388D4700418C95 /* AllCitiesCell.swift */ = {isa = PBXFileReference; lastKnownFileType = sourcecode.swift; path = AllCitiesCell.swift; sourceTree = "<group>"; };
		616D22A52739473400418C95 /* MyCitiesController.swift */ = {isa = PBXFileReference; lastKnownFileType = sourcecode.swift; path = MyCitiesController.swift; sourceTree = "<group>"; };
		616D22A72739474800418C95 /* MyCitiesCell.swift */ = {isa = PBXFileReference; lastKnownFileType = sourcecode.swift; path = MyCitiesCell.swift; sourceTree = "<group>"; };
		616D22AA2739538400418C95 /* WeatherViewController.swift */ = {isa = PBXFileReference; lastKnownFileType = sourcecode.swift; path = WeatherViewController.swift; sourceTree = "<group>"; };
		616D22AC273953A900418C95 /* WeatherViewCell.swift */ = {isa = PBXFileReference; lastKnownFileType = sourcecode.swift; path = WeatherViewCell.swift; sourceTree = "<group>"; };
/* End PBXFileReference section */

/* Begin PBXFrameworksBuildPhase section */
		6157559B272C4D6E00AD5AF2 /* Frameworks */ = {
			isa = PBXFrameworksBuildPhase;
			buildActionMask = 2147483647;
			files = (
			);
			runOnlyForDeploymentPostprocessing = 0;
		};
/* End PBXFrameworksBuildPhase section */

/* Begin PBXGroup section */
		61575595272C4D6E00AD5AF2 = {
			isa = PBXGroup;
			children = (
				615755A0272C4D6E00AD5AF2 /* UI_Lesson1 */,
				6157559F272C4D6E00AD5AF2 /* Products */,
			);
			sourceTree = "<group>";
		};
		6157559F272C4D6E00AD5AF2 /* Products */ = {
			isa = PBXGroup;
			children = (
				6157559E272C4D6E00AD5AF2 /* UI_Lesson1.app */,
			);
			name = Products;
			sourceTree = "<group>";
		};
		615755A0272C4D6E00AD5AF2 /* UI_Lesson1 */ = {
			isa = PBXGroup;
			children = (
				616D22A9273952E400418C95 /* Weather */,
				616D22A0273945F900418C95 /* MyCities */,
				616D229527388C1400418C95 /* AllCities */,
				615755A1272C4D6E00AD5AF2 /* AppDelegate.swift */,
				615755A3272C4D6E00AD5AF2 /* SceneDelegate.swift */,
				615755B5272C4D9E00AD5AF2 /* LoginFormController.swift */,
				615755A7272C4D6E00AD5AF2 /* Main.storyboard */,
				615755AA272C4D7000AD5AF2 /* Assets.xcassets */,
				615755AC272C4D7000AD5AF2 /* LaunchScreen.storyboard */,
				615755AF272C4D7000AD5AF2 /* Info.plist */,
			);
			path = UI_Lesson1;
			sourceTree = "<group>";
		};
		616D229527388C1400418C95 /* AllCities */ = {
			isa = PBXGroup;
			children = (
				616D229C27388D2400418C95 /* AllCitiesController.swift */,
				616D229E27388D4700418C95 /* AllCitiesCell.swift */,
			);
			path = AllCities;
			sourceTree = "<group>";
		};
		616D22A0273945F900418C95 /* MyCities */ = {
			isa = PBXGroup;
			children = (
				616D22A52739473400418C95 /* MyCitiesController.swift */,
				616D22A72739474800418C95 /* MyCitiesCell.swift */,
			);
			path = MyCities;
			sourceTree = "<group>";
		};
		616D22A9273952E400418C95 /* Weather */ = {
			isa = PBXGroup;
			children = (
				616D22AA2739538400418C95 /* WeatherViewController.swift */,
				616D22AC273953A900418C95 /* WeatherViewCell.swift */,
			);
			path = Weather;
			sourceTree = "<group>";
		};
/* End PBXGroup section */

/* Begin PBXNativeTarget section */
		6157559D272C4D6E00AD5AF2 /* UI_Lesson1 */ = {
			isa = PBXNativeTarget;
			buildConfigurationList = 615755B2272C4D7000AD5AF2 /* Build configuration list for PBXNativeTarget "UI_Lesson1" */;
			buildPhases = (
				6157559A272C4D6E00AD5AF2 /* Sources */,
				6157559B272C4D6E00AD5AF2 /* Frameworks */,
				6157559C272C4D6E00AD5AF2 /* Resources */,
			);
			buildRules = (
			);
			dependencies = (
			);
			name = UI_Lesson1;
			productName = UI_Lesson1;
			productReference = 6157559E272C4D6E00AD5AF2 /* UI_Lesson1.app */;
			productType = "com.apple.product-type.application";
		};
/* End PBXNativeTarget section */

/* Begin PBXProject section */
		61575596272C4D6E00AD5AF2 /* Project object */ = {
			isa = PBXProject;
			attributes = {
				BuildIndependentTargetsInParallel = 1;
				LastSwiftUpdateCheck = 1310;
				LastUpgradeCheck = 1310;
				TargetAttributes = {
					6157559D272C4D6E00AD5AF2 = {
						CreatedOnToolsVersion = 13.1;
					};
				};
			};
			buildConfigurationList = 61575599272C4D6E00AD5AF2 /* Build configuration list for PBXProject "UI_Lesson1" */;
			compatibilityVersion = "Xcode 13.0";
			developmentRegion = en;
			hasScannedForEncodings = 0;
			knownRegions = (
				en,
				Base,
			);
			mainGroup = 61575595272C4D6E00AD5AF2;
			productRefGroup = 6157559F272C4D6E00AD5AF2 /* Products */;
			projectDirPath = "";
			projectRoot = "";
			targets = (
				6157559D272C4D6E00AD5AF2 /* UI_Lesson1 */,
			);
		};
/* End PBXProject section */

/* Begin PBXResourcesBuildPhase section */
		6157559C272C4D6E00AD5AF2 /* Resources */ = {
			isa = PBXResourcesBuildPhase;
			buildActionMask = 2147483647;
			files = (
				615755AE272C4D7000AD5AF2 /* LaunchScreen.storyboard in Resources */,
				615755AB272C4D7000AD5AF2 /* Assets.xcassets in Resources */,
				615755A9272C4D6E00AD5AF2 /* Main.storyboard in Resources */,
			);
			runOnlyForDeploymentPostprocessing = 0;
		};
/* End PBXResourcesBuildPhase section */

/* Begin PBXSourcesBuildPhase section */
		6157559A272C4D6E00AD5AF2 /* Sources */ = {
			isa = PBXSourcesBuildPhase;
			buildActionMask = 2147483647;
			files = (
				616D229D27388D2400418C95 /* AllCitiesController.swift in Sources */,
				615755B6272C4D9E00AD5AF2 /* LoginFormController.swift in Sources */,
				615755A2272C4D6E00AD5AF2 /* AppDelegate.swift in Sources */,
				616D22AD273953A900418C95 /* WeatherViewCell.swift in Sources */,
				616D229F27388D4700418C95 /* AllCitiesCell.swift in Sources */,
				616D22A62739473400418C95 /* MyCitiesController.swift in Sources */,
				616D22AB2739538400418C95 /* WeatherViewController.swift in Sources */,
				616D22A82739474800418C95 /* MyCitiesCell.swift in Sources */,
				615755A4272C4D6E00AD5AF2 /* SceneDelegate.swift in Sources */,
			);
			runOnlyForDeploymentPostprocessing = 0;
		};
/* End PBXSourcesBuildPhase section */

/* Begin PBXVariantGroup section */
		615755A7272C4D6E00AD5AF2 /* Main.storyboard */ = {
			isa = PBXVariantGroup;
			children = (
				615755A8272C4D6E00AD5AF2 /* Base */,
			);
			name = Main.storyboard;
			sourceTree = "<group>";
		};
		615755AC272C4D7000AD5AF2 /* LaunchScreen.storyboard */ = {
			isa = PBXVariantGroup;
			children = (
				615755AD272C4D7000AD5AF2 /* Base */,
			);
			name = LaunchScreen.storyboard;
			sourceTree = "<group>";
		};
/* End PBXVariantGroup section */

/* Begin XCBuildConfiguration section */
		615755B0272C4D7000AD5AF2 /* Debug */ = {
			isa = XCBuildConfiguration;
			buildSettings = {
				ALWAYS_SEARCH_USER_PATHS = NO;
				CLANG_ANALYZER_NONNULL = YES;
				CLANG_ANALYZER_NUMBER_OBJECT_CONVERSION = YES_AGGRESSIVE;
				CLANG_CXX_LANGUAGE_STANDARD = "gnu++17";
				CLANG_CXX_LIBRARY = "libc++";
				CLANG_ENABLE_MODULES = YES;
				CLANG_ENABLE_OBJC_ARC = YES;
				CLANG_ENABLE_OBJC_WEAK = YES;
				CLANG_WARN_BLOCK_CAPTURE_AUTORELEASING = YES;
				CLANG_WARN_BOOL_CONVERSION = YES;
				CLANG_WARN_COMMA = YES;
				CLANG_WARN_CONSTANT_CONVERSION = YES;
				CLANG_WARN_DEPRECATED_OBJC_IMPLEMENTATIONS = YES;
				CLANG_WARN_DIRECT_OBJC_ISA_USAGE = YES_ERROR;
				CLANG_WARN_DOCUMENTATION_COMMENTS = YES;
				CLANG_WARN_EMPTY_BODY = YES;
				CLANG_WARN_ENUM_CONVERSION = YES;
				CLANG_WARN_INFINITE_RECURSION = YES;
				CLANG_WARN_INT_CONVERSION = YES;
				CLANG_WARN_NON_LITERAL_NULL_CONVERSION = YES;
				CLANG_WARN_OBJC_IMPLICIT_RETAIN_SELF = YES;
				CLANG_WARN_OBJC_LITERAL_CONVERSION = YES;
				CLANG_WARN_OBJC_ROOT_CLASS = YES_ERROR;
				CLANG_WARN_QUOTED_INCLUDE_IN_FRAMEWORK_HEADER = YES;
				CLANG_WARN_RANGE_LOOP_ANALYSIS = YES;
				CLANG_WARN_STRICT_PROTOTYPES = YES;
				CLANG_WARN_SUSPICIOUS_MOVE = YES;
				CLANG_WARN_UNGUARDED_AVAILABILITY = YES_AGGRESSIVE;
				CLANG_WARN_UNREACHABLE_CODE = YES;
				CLANG_WARN__DUPLICATE_METHOD_MATCH = YES;
				COPY_PHASE_STRIP = NO;
				DEBUG_INFORMATION_FORMAT = dwarf;
				ENABLE_STRICT_OBJC_MSGSEND = YES;
				ENABLE_TESTABILITY = YES;
				GCC_C_LANGUAGE_STANDARD = gnu11;
				GCC_DYNAMIC_NO_PIC = NO;
				GCC_NO_COMMON_BLOCKS = YES;
				GCC_OPTIMIZATION_LEVEL = 0;
				GCC_PREPROCESSOR_DEFINITIONS = (
					"DEBUG=1",
					"$(inherited)",
				);
				GCC_WARN_64_TO_32_BIT_CONVERSION = YES;
				GCC_WARN_ABOUT_RETURN_TYPE = YES_ERROR;
				GCC_WARN_UNDECLARED_SELECTOR = YES;
				GCC_WARN_UNINITIALIZED_AUTOS = YES_AGGRESSIVE;
				GCC_WARN_UNUSED_FUNCTION = YES;
				GCC_WARN_UNUSED_VARIABLE = YES;
				IPHONEOS_DEPLOYMENT_TARGET = 15.0;
				MTL_ENABLE_DEBUG_INFO = INCLUDE_SOURCE;
				MTL_FAST_MATH = YES;
				ONLY_ACTIVE_ARCH = YES;
				SDKROOT = iphoneos;
				SWIFT_ACTIVE_COMPILATION_CONDITIONS = DEBUG;
				SWIFT_OPTIMIZATION_LEVEL = "-Onone";
			};
			name = Debug;
		};
		615755B1272C4D7000AD5AF2 /* Release */ = {
			isa = XCBuildConfiguration;
			buildSettings = {
				ALWAYS_SEARCH_USER_PATHS = NO;
				CLANG_ANALYZER_NONNULL = YES;
				CLANG_ANALYZER_NUMBER_OBJECT_CONVERSION = YES_AGGRESSIVE;
				CLANG_CXX_LANGUAGE_STANDARD = "gnu++17";
				CLANG_CXX_LIBRARY = "libc++";
				CLANG_ENABLE_MODULES = YES;
				CLANG_ENABLE_OBJC_ARC = YES;
				CLANG_ENABLE_OBJC_WEAK = YES;
				CLANG_WARN_BLOCK_CAPTURE_AUTORELEASING = YES;
				CLANG_WARN_BOOL_CONVERSION = YES;
				CLANG_WARN_COMMA = YES;
				CLANG_WARN_CONSTANT_CONVERSION = YES;
				CLANG_WARN_DEPRECATED_OBJC_IMPLEMENTATIONS = YES;
				CLANG_WARN_DIRECT_OBJC_ISA_USAGE = YES_ERROR;
				CLANG_WARN_DOCUMENTATION_COMMENTS = YES;
				CLANG_WARN_EMPTY_BODY = YES;
				CLANG_WARN_ENUM_CONVERSION = YES;
				CLANG_WARN_INFINITE_RECURSION = YES;
				CLANG_WARN_INT_CONVERSION = YES;
				CLANG_WARN_NON_LITERAL_NULL_CONVERSION = YES;
				CLANG_WARN_OBJC_IMPLICIT_RETAIN_SELF = YES;
				CLANG_WARN_OBJC_LITERAL_CONVERSION = YES;
				CLANG_WARN_OBJC_ROOT_CLASS = YES_ERROR;
				CLANG_WARN_QUOTED_INCLUDE_IN_FRAMEWORK_HEADER = YES;
				CLANG_WARN_RANGE_LOOP_ANALYSIS = YES;
				CLANG_WARN_STRICT_PROTOTYPES = YES;
				CLANG_WARN_SUSPICIOUS_MOVE = YES;
				CLANG_WARN_UNGUARDED_AVAILABILITY = YES_AGGRESSIVE;
				CLANG_WARN_UNREACHABLE_CODE = YES;
				CLANG_WARN__DUPLICATE_METHOD_MATCH = YES;
				COPY_PHASE_STRIP = NO;
				DEBUG_INFORMATION_FORMAT = "dwarf-with-dsym";
				ENABLE_NS_ASSERTIONS = NO;
				ENABLE_STRICT_OBJC_MSGSEND = YES;
				GCC_C_LANGUAGE_STANDARD = gnu11;
				GCC_NO_COMMON_BLOCKS = YES;
				GCC_WARN_64_TO_32_BIT_CONVERSION = YES;
				GCC_WARN_ABOUT_RETURN_TYPE = YES_ERROR;
				GCC_WARN_UNDECLARED_SELECTOR = YES;
				GCC_WARN_UNINITIALIZED_AUTOS = YES_AGGRESSIVE;
				GCC_WARN_UNUSED_FUNCTION = YES;
				GCC_WARN_UNUSED_VARIABLE = YES;
				IPHONEOS_DEPLOYMENT_TARGET = 15.0;
				MTL_ENABLE_DEBUG_INFO = NO;
				MTL_FAST_MATH = YES;
				SDKROOT = iphoneos;
				SWIFT_COMPILATION_MODE = wholemodule;
				SWIFT_OPTIMIZATION_LEVEL = "-O";
				VALIDATE_PRODUCT = YES;
			};
			name = Release;
		};
		615755B3272C4D7000AD5AF2 /* Debug */ = {
			isa = XCBuildConfiguration;
			buildSettings = {
				ASSETCATALOG_COMPILER_APPICON_NAME = AppIcon;
				ASSETCATALOG_COMPILER_GLOBAL_ACCENT_COLOR_NAME = AccentColor;
				CODE_SIGN_STYLE = Automatic;
				CURRENT_PROJECT_VERSION = 1;
				DEVELOPMENT_TEAM = 5KRK9N4QL5;
				GENERATE_INFOPLIST_FILE = YES;
				INFOPLIST_FILE = UI_Lesson1/Info.plist;
				INFOPLIST_KEY_UIApplicationSupportsIndirectInputEvents = YES;
				INFOPLIST_KEY_UILaunchStoryboardName = LaunchScreen;
				INFOPLIST_KEY_UIMainStoryboardFile = Main;
				INFOPLIST_KEY_UISupportedInterfaceOrientations_iPad = "UIInterfaceOrientationPortrait UIInterfaceOrientationPortraitUpsideDown UIInterfaceOrientationLandscapeLeft UIInterfaceOrientationLandscapeRight";
				INFOPLIST_KEY_UISupportedInterfaceOrientations_iPhone = "UIInterfaceOrientationPortrait UIInterfaceOrientationLandscapeLeft UIInterfaceOrientationLandscapeRight";
				LD_RUNPATH_SEARCH_PATHS = (
					"$(inherited)",
					"@executable_path/Frameworks",
				);
				MARKETING_VERSION = 1.0;
				PRODUCT_BUNDLE_IDENTIFIER = "Home.UI-Lesson1";
				PRODUCT_NAME = "$(TARGET_NAME)";
				SWIFT_EMIT_LOC_STRINGS = YES;
				SWIFT_VERSION = 5.0;
				TARGETED_DEVICE_FAMILY = "1,2";
			};
			name = Debug;
		};
		615755B4272C4D7000AD5AF2 /* Release */ = {
			isa = XCBuildConfiguration;
			buildSettings = {
				ASSETCATALOG_COMPILER_APPICON_NAME = AppIcon;
				ASSETCATALOG_COMPILER_GLOBAL_ACCENT_COLOR_NAME = AccentColor;
				CODE_SIGN_STYLE = Automatic;
				CURRENT_PROJECT_VERSION = 1;
				DEVELOPMENT_TEAM = 5KRK9N4QL5;
				GENERATE_INFOPLIST_FILE = YES;
				INFOPLIST_FILE = UI_Lesson1/Info.plist;
				INFOPLIST_KEY_UIApplicationSupportsIndirectInputEvents = YES;
				INFOPLIST_KEY_UILaunchStoryboardName = LaunchScreen;
				INFOPLIST_KEY_UIMainStoryboardFile = Main;
				INFOPLIST_KEY_UISupportedInterfaceOrientations_iPad = "UIInterfaceOrientationPortrait UIInterfaceOrientationPortraitUpsideDown UIInterfaceOrientationLandscapeLeft UIInterfaceOrientationLandscapeRight";
				INFOPLIST_KEY_UISupportedInterfaceOrientations_iPhone = "UIInterfaceOrientationPortrait UIInterfaceOrientationLandscapeLeft UIInterfaceOrientationLandscapeRight";
				LD_RUNPATH_SEARCH_PATHS = (
					"$(inherited)",
					"@executable_path/Frameworks",
				);
				MARKETING_VERSION = 1.0;
				PRODUCT_BUNDLE_IDENTIFIER = "Home.UI-Lesson1";
				PRODUCT_NAME = "$(TARGET_NAME)";
				SWIFT_EMIT_LOC_STRINGS = YES;
				SWIFT_VERSION = 5.0;
				TARGETED_DEVICE_FAMILY = "1,2";
			};
			name = Release;
		};
/* End XCBuildConfiguration section */

/* Begin XCConfigurationList section */
		61575599272C4D6E00AD5AF2 /* Build configuration list for PBXProject "UI_Lesson1" */ = {
			isa = XCConfigurationList;
			buildConfigurations = (
				615755B0272C4D7000AD5AF2 /* Debug */,
				615755B1272C4D7000AD5AF2 /* Release */,
			);
			defaultConfigurationIsVisible = 0;
			defaultConfigurationName = Release;
		};
		615755B2272C4D7000AD5AF2 /* Build configuration list for PBXNativeTarget "UI_Lesson1" */ = {
			isa = XCConfigurationList;
			buildConfigurations = (
				615755B3272C4D7000AD5AF2 /* Debug */,
				615755B4272C4D7000AD5AF2 /* Release */,
			);
			defaultConfigurationIsVisible = 0;
			defaultConfigurationName = Release;
		};
/* End XCConfigurationList section */
	};
	rootObject = 61575596272C4D6E00AD5AF2 /* Project object */;
}
